
Microsoft Visual Studio Solution File, Format Version 12.00
# Visual Studio Version 16
VisualStudioVersion = 16.0.30717.126
MinimumVisualStudioVersion = 10.0.40219.1
Project("{FAE04EC0-301F-11D3-BF4B-00C04F79EFBC}") = "WpfMailSender", "WpfMailSender\WpfMailSender.csproj", "{710DE902-D681-4F3C-94F9-AC6CF2188AEA}"
EndProject
Project("{FAE04EC0-301F-11D3-BF4B-00C04F79EFBC}") = "WpfMailSenderScheduler", "WpfMailSenderScheduler\WpfMailSenderScheduler.csproj", "{64454D77-1784-403A-8370-15F86D5E9736}"
EndProject
Project("{FAE04EC0-301F-11D3-BF4B-00C04F79EFBC}") = "WpfUserControlLibrary", "WpfUserControlLibrary\WpfUserControlLibrary.csproj", "{42B05413-9534-4D03-90CE-97DADA148014}"
EndProject
Project("{FAE04EC0-301F-11D3-BF4B-00C04F79EFBC}") = "WpfMailSenderLibrary", "WpfMailSenderLibrary\WpfMailSenderLibrary.csproj", "{3C2140D9-88B3-4F9D-A07B-BB1BA4C514FC}"
EndProject
Project("{FAE04EC0-301F-11D3-BF4B-00C04F79EFBC}") = "WpfMailSenderLibraryTest", "WpfMailSenderLibraryTest\WpfMailSenderLibraryTest.csproj", "{31535657-2A83-4511-9BC6-E553F52BECFC}"
EndProject
Project("{FAE04EC0-301F-11D3-BF4B-00C04F79EFBC}") = "ConsoleSimpleThread", "ConsoleSimpleThread\ConsoleSimpleThread.csproj", "{A3F0D0B3-17C1-4213-A378-6B8D739837CA}"
EndProject
Project("{FAE04EC0-301F-11D3-BF4B-00C04F79EFBC}") = "ConsoleThreadMath", "ConsoleThreadMath\ConsoleThreadMath.csproj", "{9BFF3793-499C-4AB5-AF34-82C9E1DF8A68}"
EndProject
Project("{FAE04EC0-301F-11D3-BF4B-00C04F79EFBC}") = "WpfConverterCsvToTxt", "WpfConverterCsvToTxt\WpfConverterCsvToTxt.csproj", "{639FFE05-99B2-4B49-ADD6-DFF0BB225E55}"
EndProject
Project("{FAE04EC0-301F-11D3-BF4B-00C04F79EFBC}") = "ConsoleConverterCsvToTxt", "ConsoleConverterCsvToTxt\ConsoleConverterCsvToTxt.csproj", "{E88A8956-EE1A-483A-9F14-176308E2F703}"
EndProject
Global
	GlobalSection(SolutionConfigurationPlatforms) = preSolution
		Debug|Any CPU = Debug|Any CPU
		Release|Any CPU = Release|Any CPU
	EndGlobalSection
	GlobalSection(ProjectConfigurationPlatforms) = postSolution
		{710DE902-D681-4F3C-94F9-AC6CF2188AEA}.Debug|Any CPU.ActiveCfg = Debug|Any CPU
		{710DE902-D681-4F3C-94F9-AC6CF2188AEA}.Debug|Any CPU.Build.0 = Debug|Any CPU
		{710DE902-D681-4F3C-94F9-AC6CF2188AEA}.Release|Any CPU.ActiveCfg = Release|Any CPU
		{710DE902-D681-4F3C-94F9-AC6CF2188AEA}.Release|Any CPU.Build.0 = Release|Any CPU
		{64454D77-1784-403A-8370-15F86D5E9736}.Debug|Any CPU.ActiveCfg = Debug|Any CPU
		{64454D77-1784-403A-8370-15F86D5E9736}.Debug|Any CPU.Build.0 = Debug|Any CPU
		{64454D77-1784-403A-8370-15F86D5E9736}.Release|Any CPU.ActiveCfg = Release|Any CPU
		{64454D77-1784-403A-8370-15F86D5E9736}.Release|Any CPU.Build.0 = Release|Any CPU
		{42B05413-9534-4D03-90CE-97DADA148014}.Debug|Any CPU.ActiveCfg = Debug|Any CPU
		{42B05413-9534-4D03-90CE-97DADA148014}.Debug|Any CPU.Build.0 = Debug|Any CPU
		{42B05413-9534-4D03-90CE-97DADA148014}.Release|Any CPU.ActiveCfg = Release|Any CPU
		{42B05413-9534-4D03-90CE-97DADA148014}.Release|Any CPU.Build.0 = Release|Any CPU
		{3C2140D9-88B3-4F9D-A07B-BB1BA4C514FC}.Debug|Any CPU.ActiveCfg = Debug|Any CPU
		{3C2140D9-88B3-4F9D-A07B-BB1BA4C514FC}.Debug|Any CPU.Build.0 = Debug|Any CPU
		{3C2140D9-88B3-4F9D-A07B-BB1BA4C514FC}.Release|Any CPU.ActiveCfg = Release|Any CPU
		{3C2140D9-88B3-4F9D-A07B-BB1BA4C514FC}.Release|Any CPU.Build.0 = Release|Any CPU
		{31535657-2A83-4511-9BC6-E553F52BECFC}.Debug|Any CPU.ActiveCfg = Debug|Any CPU
		{31535657-2A83-4511-9BC6-E553F52BECFC}.Debug|Any CPU.Build.0 = Debug|Any CPU
		{31535657-2A83-4511-9BC6-E553F52BECFC}.Release|Any CPU.ActiveCfg = Release|Any CPU
		{31535657-2A83-4511-9BC6-E553F52BECFC}.Release|Any CPU.Build.0 = Release|Any CPU
		{A3F0D0B3-17C1-4213-A378-6B8D739837CA}.Debug|Any CPU.ActiveCfg = Debug|Any CPU
		{A3F0D0B3-17C1-4213-A378-6B8D739837CA}.Debug|Any CPU.Build.0 = Debug|Any CPU
		{A3F0D0B3-17C1-4213-A378-6B8D739837CA}.Release|Any CPU.ActiveCfg = Release|Any CPU
		{A3F0D0B3-17C1-4213-A378-6B8D739837CA}.Release|Any CPU.Build.0 = Release|Any CPU
		{9BFF3793-499C-4AB5-AF34-82C9E1DF8A68}.Debug|Any CPU.ActiveCfg = Debug|Any CPU
		{9BFF3793-499C-4AB5-AF34-82C9E1DF8A68}.Debug|Any CPU.Build.0 = Debug|Any CPU
		{9BFF3793-499C-4AB5-AF34-82C9E1DF8A68}.Release|Any CPU.ActiveCfg = Release|Any CPU
		{9BFF3793-499C-4AB5-AF34-82C9E1DF8A68}.Release|Any CPU.Build.0 = Release|Any CPU
		{639FFE05-99B2-4B49-ADD6-DFF0BB225E55}.Debug|Any CPU.ActiveCfg = Debug|Any CPU
		{639FFE05-99B2-4B49-ADD6-DFF0BB225E55}.Debug|Any CPU.Build.0 = Debug|Any CPU
		{639FFE05-99B2-4B49-ADD6-DFF0BB225E55}.Release|Any CPU.ActiveCfg = Release|Any CPU
		{639FFE05-99B2-4B49-ADD6-DFF0BB225E55}.Release|Any CPU.Build.0 = Release|Any CPU
		{E88A8956-EE1A-483A-9F14-176308E2F703}.Debug|Any CPU.ActiveCfg = Debug|Any CPU
		{E88A8956-EE1A-483A-9F14-176308E2F703}.Debug|Any CPU.Build.0 = Debug|Any CPU
		{E88A8956-EE1A-483A-9F14-176308E2F703}.Release|Any CPU.ActiveCfg = Release|Any CPU
		{E88A8956-EE1A-483A-9F14-176308E2F703}.Release|Any CPU.Build.0 = Release|Any CPU
	EndGlobalSection
	GlobalSection(SolutionProperties) = preSolution
		HideSolutionNode = FALSE
	EndGlobalSection
	GlobalSection(ExtensibilityGlobals) = postSolution
		SolutionGuid = {48D2BABD-0BAA-405B-A65F-EB12FCF4D8B4}
	EndGlobalSection
EndGlobal
